// !$*UTF8*$!
{
	archiveVersion = 1;
	classes = {
	};
	objectVersion = 46;
	objects = {

/* Begin PBXBuildFile section */
		6941FCE11BE30CCE0090B221 /* AFNetworking in Resources */ = {isa = PBXBuildFile; fileRef = 6941FCE01BE30CCE0090B221 /* AFNetworking */; };
		6941FCE31BE30CDB0090B221 /* UIKit+AFNetworking in Resources */ = {isa = PBXBuildFile; fileRef = 6941FCE21BE30CDB0090B221 /* UIKit+AFNetworking */; };
		6941FCF91BE34BBE0090B221 /* AFHTTPRequestOperation.m in Sources */ = {isa = PBXBuildFile; fileRef = 6941FCE71BE34BBE0090B221 /* AFHTTPRequestOperation.m */; };
		6941FCFA1BE34BBE0090B221 /* AFHTTPRequestOperationManager.m in Sources */ = {isa = PBXBuildFile; fileRef = 6941FCE91BE34BBE0090B221 /* AFHTTPRequestOperationManager.m */; };
		6941FCFB1BE34BBE0090B221 /* AFHTTPSessionManager.m in Sources */ = {isa = PBXBuildFile; fileRef = 6941FCEB1BE34BBE0090B221 /* AFHTTPSessionManager.m */; };
		6941FCFC1BE34BBE0090B221 /* AFNetworkReachabilityManager.m in Sources */ = {isa = PBXBuildFile; fileRef = 6941FCEE1BE34BBE0090B221 /* AFNetworkReachabilityManager.m */; };
		6941FCFD1BE34BBE0090B221 /* AFSecurityPolicy.m in Sources */ = {isa = PBXBuildFile; fileRef = 6941FCF01BE34BBE0090B221 /* AFSecurityPolicy.m */; };
		6941FCFE1BE34BBE0090B221 /* AFURLConnectionOperation.m in Sources */ = {isa = PBXBuildFile; fileRef = 6941FCF21BE34BBE0090B221 /* AFURLConnectionOperation.m */; };
		6941FCFF1BE34BBE0090B221 /* AFURLRequestSerialization.m in Sources */ = {isa = PBXBuildFile; fileRef = 6941FCF41BE34BBE0090B221 /* AFURLRequestSerialization.m */; };
		6941FD001BE34BBE0090B221 /* AFURLResponseSerialization.m in Sources */ = {isa = PBXBuildFile; fileRef = 6941FCF61BE34BBE0090B221 /* AFURLResponseSerialization.m */; };
		6941FD011BE34BBE0090B221 /* AFURLSessionManager.m in Sources */ = {isa = PBXBuildFile; fileRef = 6941FCF81BE34BBE0090B221 /* AFURLSessionManager.m */; };
		6941FD141BE34ED90090B221 /* AFNetworkActivityIndicatorManager.m in Sources */ = {isa = PBXBuildFile; fileRef = 6941FD031BE34ED90090B221 /* AFNetworkActivityIndicatorManager.m */; };
		6941FD151BE34ED90090B221 /* UIActivityIndicatorView+AFNetworking.m in Sources */ = {isa = PBXBuildFile; fileRef = 6941FD051BE34ED90090B221 /* UIActivityIndicatorView+AFNetworking.m */; };
		6941FD161BE34ED90090B221 /* UIAlertView+AFNetworking.m in Sources */ = {isa = PBXBuildFile; fileRef = 6941FD071BE34ED90090B221 /* UIAlertView+AFNetworking.m */; };
		6941FD171BE34ED90090B221 /* UIButton+AFNetworking.m in Sources */ = {isa = PBXBuildFile; fileRef = 6941FD091BE34ED90090B221 /* UIButton+AFNetworking.m */; };
		6941FD181BE34ED90090B221 /* UIImageView+AFNetworking.m in Sources */ = {isa = PBXBuildFile; fileRef = 6941FD0C1BE34ED90090B221 /* UIImageView+AFNetworking.m */; };
		6941FD191BE34ED90090B221 /* UIProgressView+AFNetworking.m in Sources */ = {isa = PBXBuildFile; fileRef = 6941FD0F1BE34ED90090B221 /* UIProgressView+AFNetworking.m */; };
		6941FD1A1BE34ED90090B221 /* UIRefreshControl+AFNetworking.m in Sources */ = {isa = PBXBuildFile; fileRef = 6941FD111BE34ED90090B221 /* UIRefreshControl+AFNetworking.m */; };
		6941FD1B1BE34ED90090B221 /* UIWebView+AFNetworking.m in Sources */ = {isa = PBXBuildFile; fileRef = 6941FD131BE34ED90090B221 /* UIWebView+AFNetworking.m */; };
		698EDAD11BE4C1FB00EA6C0B /* imageListTableViewController.m in Sources */ = {isa = PBXBuildFile; fileRef = 698EDAD01BE4C1FB00EA6C0B /* imageListTableViewController.m */; };
		69CE09141BE2602200228297 /* ImageTableViewController.m in Sources */ = {isa = PBXBuildFile; fileRef = 69CE09131BE2602200228297 /* ImageTableViewController.m */; };
		69CE091A1BE264C500228297 /* TableViewCell.m in Sources */ = {isa = PBXBuildFile; fileRef = 69CE09191BE264C500228297 /* TableViewCell.m */; };
		69CE091C1BE26FFC00228297 /* loading.png in Resources */ = {isa = PBXBuildFile; fileRef = 69CE091B1BE26FFC00228297 /* loading.png */; };
		69FD4E461BE0C24F00DEF606 /* main.m in Sources */ = {isa = PBXBuildFile; fileRef = 69FD4E451BE0C24F00DEF606 /* main.m */; };
		69FD4E491BE0C24F00DEF606 /* AppDelegate.m in Sources */ = {isa = PBXBuildFile; fileRef = 69FD4E481BE0C24F00DEF606 /* AppDelegate.m */; };
		69FD4E4F1BE0C24F00DEF606 /* Main.storyboard in Resources */ = {isa = PBXBuildFile; fileRef = 69FD4E4D1BE0C24F00DEF606 /* Main.storyboard */; };
		69FD4E511BE0C24F00DEF606 /* Images.xcassets in Resources */ = {isa = PBXBuildFile; fileRef = 69FD4E501BE0C24F00DEF606 /* Images.xcassets */; };
		69FD4E541BE0C24F00DEF606 /* LaunchScreen.xib in Resources */ = {isa = PBXBuildFile; fileRef = 69FD4E521BE0C24F00DEF606 /* LaunchScreen.xib */; };
		69FD4E601BE0C24F00DEF606 /* imageViewTests.m in Sources */ = {isa = PBXBuildFile; fileRef = 69FD4E5F1BE0C24F00DEF606 /* imageViewTests.m */; };
		69FD4E6B1BE0C6FC00DEF606 /* loginPic.jpeg in Resources */ = {isa = PBXBuildFile; fileRef = 69FD4E6A1BE0C6FC00DEF606 /* loginPic.jpeg */; };
/* End PBXBuildFile section */

/* Begin PBXContainerItemProxy section */
		69FD4E5A1BE0C24F00DEF606 /* PBXContainerItemProxy */ = {
			isa = PBXContainerItemProxy;
			containerPortal = 69FD4E381BE0C24F00DEF606 /* Project object */;
			proxyType = 1;
			remoteGlobalIDString = 69FD4E3F1BE0C24F00DEF606;
			remoteInfo = imageView;
		};
/* End PBXContainerItemProxy section */

/* Begin PBXFileReference section */
		6941FCE01BE30CCE0090B221 /* AFNetworking */ = {isa = PBXFileReference; lastKnownFileType = folder; path = AFNetworking; sourceTree = "<group>"; };
		6941FCE21BE30CDB0090B221 /* UIKit+AFNetworking */ = {isa = PBXFileReference; lastKnownFileType = folder; name = "UIKit+AFNetworking"; path = "../UIKit+AFNetworking"; sourceTree = "<group>"; };
		6941FCE61BE34BBE0090B221 /* AFHTTPRequestOperation.h */ = {isa = PBXFileReference; fileEncoding = 4; lastKnownFileType = sourcecode.c.h; path = AFHTTPRequestOperation.h; sourceTree = "<group>"; };
		6941FCE71BE34BBE0090B221 /* AFHTTPRequestOperation.m */ = {isa = PBXFileReference; fileEncoding = 4; lastKnownFileType = sourcecode.c.objc; path = AFHTTPRequestOperation.m; sourceTree = "<group>"; };
		6941FCE81BE34BBE0090B221 /* AFHTTPRequestOperationManager.h */ = {isa = PBXFileReference; fileEncoding = 4; lastKnownFileType = sourcecode.c.h; path = AFHTTPRequestOperationManager.h; sourceTree = "<group>"; };
		6941FCE91BE34BBE0090B221 /* AFHTTPRequestOperationManager.m */ = {isa = PBXFileReference; fileEncoding = 4; lastKnownFileType = sourcecode.c.objc; path = AFHTTPRequestOperationManager.m; sourceTree = "<group>"; };
		6941FCEA1BE34BBE0090B221 /* AFHTTPSessionManager.h */ = {isa = PBXFileReference; fileEncoding = 4; lastKnownFileType = sourcecode.c.h; path = AFHTTPSessionManager.h; sourceTree = "<group>"; };
		6941FCEB1BE34BBE0090B221 /* AFHTTPSessionManager.m */ = {isa = PBXFileReference; fileEncoding = 4; lastKnownFileType = sourcecode.c.objc; path = AFHTTPSessionManager.m; sourceTree = "<group>"; };
		6941FCEC1BE34BBE0090B221 /* AFNetworking.h */ = {isa = PBXFileReference; fileEncoding = 4; lastKnownFileType = sourcecode.c.h; path = AFNetworking.h; sourceTree = "<group>"; };
		6941FCED1BE34BBE0090B221 /* AFNetworkReachabilityManager.h */ = {isa = PBXFileReference; fileEncoding = 4; lastKnownFileType = sourcecode.c.h; path = AFNetworkReachabilityManager.h; sourceTree = "<group>"; };
		6941FCEE1BE34BBE0090B221 /* AFNetworkReachabilityManager.m */ = {isa = PBXFileReference; fileEncoding = 4; lastKnownFileType = sourcecode.c.objc; path = AFNetworkReachabilityManager.m; sourceTree = "<group>"; };
		6941FCEF1BE34BBE0090B221 /* AFSecurityPolicy.h */ = {isa = PBXFileReference; fileEncoding = 4; lastKnownFileType = sourcecode.c.h; path = AFSecurityPolicy.h; sourceTree = "<group>"; };
		6941FCF01BE34BBE0090B221 /* AFSecurityPolicy.m */ = {isa = PBXFileReference; fileEncoding = 4; lastKnownFileType = sourcecode.c.objc; path = AFSecurityPolicy.m; sourceTree = "<group>"; };
		6941FCF11BE34BBE0090B221 /* AFURLConnectionOperation.h */ = {isa = PBXFileReference; fileEncoding = 4; lastKnownFileType = sourcecode.c.h; path = AFURLConnectionOperation.h; sourceTree = "<group>"; };
		6941FCF21BE34BBE0090B221 /* AFURLConnectionOperation.m */ = {isa = PBXFileReference; fileEncoding = 4; lastKnownFileType = sourcecode.c.objc; path = AFURLConnectionOperation.m; sourceTree = "<group>"; };
		6941FCF31BE34BBE0090B221 /* AFURLRequestSerialization.h */ = {isa = PBXFileReference; fileEncoding = 4; lastKnownFileType = sourcecode.c.h; path = AFURLRequestSerialization.h; sourceTree = "<group>"; };
		6941FCF41BE34BBE0090B221 /* AFURLRequestSerialization.m */ = {isa = PBXFileReference; fileEncoding = 4; lastKnownFileType = sourcecode.c.objc; path = AFURLRequestSerialization.m; sourceTree = "<group>"; };
		6941FCF51BE34BBE0090B221 /* AFURLResponseSerialization.h */ = {isa = PBXFileReference; fileEncoding = 4; lastKnownFileType = sourcecode.c.h; path = AFURLResponseSerialization.h; sourceTree = "<group>"; };
		6941FCF61BE34BBE0090B221 /* AFURLResponseSerialization.m */ = {isa = PBXFileReference; fileEncoding = 4; lastKnownFileType = sourcecode.c.objc; path = AFURLResponseSerialization.m; sourceTree = "<group>"; };
		6941FCF71BE34BBE0090B221 /* AFURLSessionManager.h */ = {isa = PBXFileReference; fileEncoding = 4; lastKnownFileType = sourcecode.c.h; path = AFURLSessionManager.h; sourceTree = "<group>"; };
		6941FCF81BE34BBE0090B221 /* AFURLSessionManager.m */ = {isa = PBXFileReference; fileEncoding = 4; lastKnownFileType = sourcecode.c.objc; path = AFURLSessionManager.m; sourceTree = "<group>"; };
		6941FD021BE34ED90090B221 /* AFNetworkActivityIndicatorManager.h */ = {isa = PBXFileReference; fileEncoding = 4; lastKnownFileType = sourcecode.c.h; path = AFNetworkActivityIndicatorManager.h; sourceTree = "<group>"; };
		6941FD031BE34ED90090B221 /* AFNetworkActivityIndicatorManager.m */ = {isa = PBXFileReference; fileEncoding = 4; lastKnownFileType = sourcecode.c.objc; path = AFNetworkActivityIndicatorManager.m; sourceTree = "<group>"; };
		6941FD041BE34ED90090B221 /* UIActivityIndicatorView+AFNetworking.h */ = {isa = PBXFileReference; fileEncoding = 4; lastKnownFileType = sourcecode.c.h; path = "UIActivityIndicatorView+AFNetworking.h"; sourceTree = "<group>"; };
		6941FD051BE34ED90090B221 /* UIActivityIndicatorView+AFNetworking.m */ = {isa = PBXFileReference; fileEncoding = 4; lastKnownFileType = sourcecode.c.objc; path = "UIActivityIndicatorView+AFNetworking.m"; sourceTree = "<group>"; };
		6941FD061BE34ED90090B221 /* UIAlertView+AFNetworking.h */ = {isa = PBXFileReference; fileEncoding = 4; lastKnownFileType = sourcecode.c.h; path = "UIAlertView+AFNetworking.h"; sourceTree = "<group>"; };
		6941FD071BE34ED90090B221 /* UIAlertView+AFNetworking.m */ = {isa = PBXFileReference; fileEncoding = 4; lastKnownFileType = sourcecode.c.objc; path = "UIAlertView+AFNetworking.m"; sourceTree = "<group>"; };
		6941FD081BE34ED90090B221 /* UIButton+AFNetworking.h */ = {isa = PBXFileReference; fileEncoding = 4; lastKnownFileType = sourcecode.c.h; path = "UIButton+AFNetworking.h"; sourceTree = "<group>"; };
		6941FD091BE34ED90090B221 /* UIButton+AFNetworking.m */ = {isa = PBXFileReference; fileEncoding = 4; lastKnownFileType = sourcecode.c.objc; path = "UIButton+AFNetworking.m"; sourceTree = "<group>"; };
		6941FD0A1BE34ED90090B221 /* UIImage+AFNetworking.h */ = {isa = PBXFileReference; fileEncoding = 4; lastKnownFileType = sourcecode.c.h; path = "UIImage+AFNetworking.h"; sourceTree = "<group>"; };
		6941FD0B1BE34ED90090B221 /* UIImageView+AFNetworking.h */ = {isa = PBXFileReference; fileEncoding = 4; lastKnownFileType = sourcecode.c.h; path = "UIImageView+AFNetworking.h"; sourceTree = "<group>"; };
		6941FD0C1BE34ED90090B221 /* UIImageView+AFNetworking.m */ = {isa = PBXFileReference; fileEncoding = 4; lastKnownFileType = sourcecode.c.objc; path = "UIImageView+AFNetworking.m"; sourceTree = "<group>"; };
		6941FD0D1BE34ED90090B221 /* UIKit+AFNetworking.h */ = {isa = PBXFileReference; fileEncoding = 4; lastKnownFileType = sourcecode.c.h; path = "UIKit+AFNetworking.h"; sourceTree = "<group>"; };
		6941FD0E1BE34ED90090B221 /* UIProgressView+AFNetworking.h */ = {isa = PBXFileReference; fileEncoding = 4; lastKnownFileType = sourcecode.c.h; path = "UIProgressView+AFNetworking.h"; sourceTree = "<group>"; };
		6941FD0F1BE34ED90090B221 /* UIProgressView+AFNetworking.m */ = {isa = PBXFileReference; fileEncoding = 4; lastKnownFileType = sourcecode.c.objc; path = "UIProgressView+AFNetworking.m"; sourceTree = "<group>"; };
		6941FD101BE34ED90090B221 /* UIRefreshControl+AFNetworking.h */ = {isa = PBXFileReference; fileEncoding = 4; lastKnownFileType = sourcecode.c.h; path = "UIRefreshControl+AFNetworking.h"; sourceTree = "<group>"; };
		6941FD111BE34ED90090B221 /* UIRefreshControl+AFNetworking.m */ = {isa = PBXFileReference; fileEncoding = 4; lastKnownFileType = sourcecode.c.objc; path = "UIRefreshControl+AFNetworking.m"; sourceTree = "<group>"; };
		6941FD121BE34ED90090B221 /* UIWebView+AFNetworking.h */ = {isa = PBXFileReference; fileEncoding = 4; lastKnownFileType = sourcecode.c.h; path = "UIWebView+AFNetworking.h"; sourceTree = "<group>"; };
		6941FD131BE34ED90090B221 /* UIWebView+AFNetworking.m */ = {isa = PBXFileReference; fileEncoding = 4; lastKnownFileType = sourcecode.c.objc; path = "UIWebView+AFNetworking.m"; sourceTree = "<group>"; };
		698EDACF1BE4C1FB00EA6C0B /* imageListTableViewController.h */ = {isa = PBXFileReference; fileEncoding = 4; lastKnownFileType = sourcecode.c.h; path = imageListTableViewController.h; sourceTree = "<group>"; };
		698EDAD01BE4C1FB00EA6C0B /* imageListTableViewController.m */ = {isa = PBXFileReference; fileEncoding = 4; lastKnownFileType = sourcecode.c.objc; path = imageListTableViewController.m; sourceTree = "<group>"; };
		69CE09121BE2602200228297 /* ImageTableViewController.h */ = {isa = PBXFileReference; fileEncoding = 4; lastKnownFileType = sourcecode.c.h; path = ImageTableViewController.h; sourceTree = "<group>"; };
		69CE09131BE2602200228297 /* ImageTableViewController.m */ = {isa = PBXFileReference; fileEncoding = 4; lastKnownFileType = sourcecode.c.objc; path = ImageTableViewController.m; sourceTree = "<group>"; };
		69CE09181BE264C500228297 /* TableViewCell.h */ = {isa = PBXFileReference; fileEncoding = 4; lastKnownFileType = sourcecode.c.h; path = TableViewCell.h; sourceTree = "<group>"; };
		69CE09191BE264C500228297 /* TableViewCell.m */ = {isa = PBXFileReference; fileEncoding = 4; lastKnownFileType = sourcecode.c.objc; path = TableViewCell.m; sourceTree = "<group>"; };
		69CE091B1BE26FFC00228297 /* loading.png */ = {isa = PBXFileReference; lastKnownFileType = image.png; path = loading.png; sourceTree = "<group>"; };
		69FD4E401BE0C24F00DEF606 /* imageView.app */ = {isa = PBXFileReference; explicitFileType = wrapper.application; includeInIndex = 0; path = imageView.app; sourceTree = BUILT_PRODUCTS_DIR; };
		69FD4E441BE0C24F00DEF606 /* Info.plist */ = {isa = PBXFileReference; lastKnownFileType = text.plist.xml; path = Info.plist; sourceTree = "<group>"; };
		69FD4E451BE0C24F00DEF606 /* main.m */ = {isa = PBXFileReference; lastKnownFileType = sourcecode.c.objc; path = main.m; sourceTree = "<group>"; };
		69FD4E471BE0C24F00DEF606 /* AppDelegate.h */ = {isa = PBXFileReference; lastKnownFileType = sourcecode.c.h; path = AppDelegate.h; sourceTree = "<group>"; };
		69FD4E481BE0C24F00DEF606 /* AppDelegate.m */ = {isa = PBXFileReference; lastKnownFileType = sourcecode.c.objc; path = AppDelegate.m; sourceTree = "<group>"; };
		69FD4E4E1BE0C24F00DEF606 /* Base */ = {isa = PBXFileReference; lastKnownFileType = file.storyboard; name = Base; path = Base.lproj/Main.storyboard; sourceTree = "<group>"; };
		69FD4E501BE0C24F00DEF606 /* Images.xcassets */ = {isa = PBXFileReference; lastKnownFileType = folder.assetcatalog; path = Images.xcassets; sourceTree = "<group>"; };
		69FD4E531BE0C24F00DEF606 /* Base */ = {isa = PBXFileReference; lastKnownFileType = file.xib; name = Base; path = Base.lproj/LaunchScreen.xib; sourceTree = "<group>"; };
		69FD4E591BE0C24F00DEF606 /* imageViewTests.xctest */ = {isa = PBXFileReference; explicitFileType = wrapper.cfbundle; includeInIndex = 0; path = imageViewTests.xctest; sourceTree = BUILT_PRODUCTS_DIR; };
		69FD4E5E1BE0C24F00DEF606 /* Info.plist */ = {isa = PBXFileReference; lastKnownFileType = text.plist.xml; path = Info.plist; sourceTree = "<group>"; };
		69FD4E5F1BE0C24F00DEF606 /* imageViewTests.m */ = {isa = PBXFileReference; lastKnownFileType = sourcecode.c.objc; path = imageViewTests.m; sourceTree = "<group>"; };
		69FD4E6A1BE0C6FC00DEF606 /* loginPic.jpeg */ = {isa = PBXFileReference; lastKnownFileType = image.jpeg; path = loginPic.jpeg; sourceTree = "<group>"; };
/* End PBXFileReference section */

/* Begin PBXFrameworksBuildPhase section */
		69FD4E3D1BE0C24F00DEF606 /* Frameworks */ = {
			isa = PBXFrameworksBuildPhase;
			buildActionMask = 2147483647;
			files = (
			);
			runOnlyForDeploymentPostprocessing = 0;
		};
		69FD4E561BE0C24F00DEF606 /* Frameworks */ = {
			isa = PBXFrameworksBuildPhase;
			buildActionMask = 2147483647;
			files = (
			);
			runOnlyForDeploymentPostprocessing = 0;
		};
/* End PBXFrameworksBuildPhase section */

/* Begin PBXGroup section */
		69FD4E371BE0C24F00DEF606 = {
			isa = PBXGroup;
			children = (
				6941FCE01BE30CCE0090B221 /* AFNetworking */,
				69FD4E691BE0C57C00DEF606 /* image */,
				69FD4E421BE0C24F00DEF606 /* imageView */,
				69FD4E5C1BE0C24F00DEF606 /* imageViewTests */,
				69FD4E411BE0C24F00DEF606 /* Products */,
			);
			sourceTree = "<group>";
		};
		69FD4E411BE0C24F00DEF606 /* Products */ = {
			isa = PBXGroup;
			children = (
				69FD4E401BE0C24F00DEF606 /* imageView.app */,
				69FD4E591BE0C24F00DEF606 /* imageViewTests.xctest */,
			);
			name = Products;
			sourceTree = "<group>";
		};
		69FD4E421BE0C24F00DEF606 /* imageView */ = {
			isa = PBXGroup;
			children = (
				6941FCE61BE34BBE0090B221 /* AFHTTPRequestOperation.h */,
				6941FCE71BE34BBE0090B221 /* AFHTTPRequestOperation.m */,
				6941FCE81BE34BBE0090B221 /* AFHTTPRequestOperationManager.h */,
				6941FCE91BE34BBE0090B221 /* AFHTTPRequestOperationManager.m */,
				6941FCEA1BE34BBE0090B221 /* AFHTTPSessionManager.h */,
				6941FCEB1BE34BBE0090B221 /* AFHTTPSessionManager.m */,
				6941FCEC1BE34BBE0090B221 /* AFNetworking.h */,
				6941FCED1BE34BBE0090B221 /* AFNetworkReachabilityManager.h */,
				6941FCEE1BE34BBE0090B221 /* AFNetworkReachabilityManager.m */,
				6941FCEF1BE34BBE0090B221 /* AFSecurityPolicy.h */,
				6941FCF01BE34BBE0090B221 /* AFSecurityPolicy.m */,
				6941FCF11BE34BBE0090B221 /* AFURLConnectionOperation.h */,
				6941FCF21BE34BBE0090B221 /* AFURLConnectionOperation.m */,
				6941FCF31BE34BBE0090B221 /* AFURLRequestSerialization.h */,
				6941FCF41BE34BBE0090B221 /* AFURLRequestSerialization.m */,
				6941FCF51BE34BBE0090B221 /* AFURLResponseSerialization.h */,
				6941FCF61BE34BBE0090B221 /* AFURLResponseSerialization.m */,
				6941FCF71BE34BBE0090B221 /* AFURLSessionManager.h */,
				6941FCF81BE34BBE0090B221 /* AFURLSessionManager.m */,
				6941FD021BE34ED90090B221 /* AFNetworkActivityIndicatorManager.h */,
				6941FD031BE34ED90090B221 /* AFNetworkActivityIndicatorManager.m */,
				6941FD041BE34ED90090B221 /* UIActivityIndicatorView+AFNetworking.h */,
				6941FD051BE34ED90090B221 /* UIActivityIndicatorView+AFNetworking.m */,
				6941FD061BE34ED90090B221 /* UIAlertView+AFNetworking.h */,
				6941FD071BE34ED90090B221 /* UIAlertView+AFNetworking.m */,
				6941FD081BE34ED90090B221 /* UIButton+AFNetworking.h */,
				6941FD091BE34ED90090B221 /* UIButton+AFNetworking.m */,
				6941FD0A1BE34ED90090B221 /* UIImage+AFNetworking.h */,
				6941FD0B1BE34ED90090B221 /* UIImageView+AFNetworking.h */,
				6941FD0C1BE34ED90090B221 /* UIImageView+AFNetworking.m */,
				6941FD0D1BE34ED90090B221 /* UIKit+AFNetworking.h */,
				6941FD0E1BE34ED90090B221 /* UIProgressView+AFNetworking.h */,
				6941FD0F1BE34ED90090B221 /* UIProgressView+AFNetworking.m */,
				6941FD101BE34ED90090B221 /* UIRefreshControl+AFNetworking.h */,
				6941FD111BE34ED90090B221 /* UIRefreshControl+AFNetworking.m */,
				6941FD121BE34ED90090B221 /* UIWebView+AFNetworking.h */,
				6941FD131BE34ED90090B221 /* UIWebView+AFNetworking.m */,
				69FD4E6A1BE0C6FC00DEF606 /* loginPic.jpeg */,
				69FD4E471BE0C24F00DEF606 /* AppDelegate.h */,
				69FD4E481BE0C24F00DEF606 /* AppDelegate.m */,
				6941FCE21BE30CDB0090B221 /* UIKit+AFNetworking */,
				69CE09181BE264C500228297 /* TableViewCell.h */,
				69CE09191BE264C500228297 /* TableViewCell.m */,
				698EDACF1BE4C1FB00EA6C0B /* imageListTableViewController.h */,
				698EDAD01BE4C1FB00EA6C0B /* imageListTableViewController.m */,
				69CE09121BE2602200228297 /* ImageTableViewController.h */,
				69CE09131BE2602200228297 /* ImageTableViewController.m */,
				69FD4E4D1BE0C24F00DEF606 /* Main.storyboard */,
				69FD4E501BE0C24F00DEF606 /* Images.xcassets */,
				69FD4E521BE0C24F00DEF606 /* LaunchScreen.xib */,
				69FD4E431BE0C24F00DEF606 /* Supporting Files */,
			);
			path = imageView;
			sourceTree = "<group>";
		};
		69FD4E431BE0C24F00DEF606 /* Supporting Files */ = {
			isa = PBXGroup;
			children = (
				69FD4E441BE0C24F00DEF606 /* Info.plist */,
				69FD4E451BE0C24F00DEF606 /* main.m */,
			);
			name = "Supporting Files";
			sourceTree = "<group>";
		};
		69FD4E5C1BE0C24F00DEF606 /* imageViewTests */ = {
			isa = PBXGroup;
			children = (
				69FD4E5F1BE0C24F00DEF606 /* imageViewTests.m */,
				69FD4E5D1BE0C24F00DEF606 /* Supporting Files */,
			);
			path = imageViewTests;
			sourceTree = "<group>";
		};
		69FD4E5D1BE0C24F00DEF606 /* Supporting Files */ = {
			isa = PBXGroup;
			children = (
				69FD4E5E1BE0C24F00DEF606 /* Info.plist */,
			);
			name = "Supporting Files";
			sourceTree = "<group>";
		};
		69FD4E691BE0C57C00DEF606 /* image */ = {
			isa = PBXGroup;
			children = (
				69CE091B1BE26FFC00228297 /* loading.png */,
			);
			name = image;
			path = imageView;
			sourceTree = "<group>";
		};
/* End PBXGroup section */

/* Begin PBXNativeTarget section */
		69FD4E3F1BE0C24F00DEF606 /* imageView */ = {
			isa = PBXNativeTarget;
			buildConfigurationList = 69FD4E631BE0C24F00DEF606 /* Build configuration list for PBXNativeTarget "imageView" */;
			buildPhases = (
				69FD4E3C1BE0C24F00DEF606 /* Sources */,
				69FD4E3D1BE0C24F00DEF606 /* Frameworks */,
				69FD4E3E1BE0C24F00DEF606 /* Resources */,
			);
			buildRules = (
			);
			dependencies = (
			);
			name = imageView;
			productName = imageView;
			productReference = 69FD4E401BE0C24F00DEF606 /* imageView.app */;
			productType = "com.apple.product-type.application";
		};
		69FD4E581BE0C24F00DEF606 /* imageViewTests */ = {
			isa = PBXNativeTarget;
			buildConfigurationList = 69FD4E661BE0C24F00DEF606 /* Build configuration list for PBXNativeTarget "imageViewTests" */;
			buildPhases = (
				69FD4E551BE0C24F00DEF606 /* Sources */,
				69FD4E561BE0C24F00DEF606 /* Frameworks */,
				69FD4E571BE0C24F00DEF606 /* Resources */,
			);
			buildRules = (
			);
			dependencies = (
				69FD4E5B1BE0C24F00DEF606 /* PBXTargetDependency */,
			);
			name = imageViewTests;
			productName = imageViewTests;
			productReference = 69FD4E591BE0C24F00DEF606 /* imageViewTests.xctest */;
			productType = "com.apple.product-type.bundle.unit-test";
		};
/* End PBXNativeTarget section */

/* Begin PBXProject section */
		69FD4E381BE0C24F00DEF606 /* Project object */ = {
			isa = PBXProject;
			attributes = {
				LastUpgradeCheck = 0710;
				ORGANIZATIONNAME = Huijun.org;
				TargetAttributes = {
					69FD4E3F1BE0C24F00DEF606 = {
						CreatedOnToolsVersion = 6.2;
					};
					69FD4E581BE0C24F00DEF606 = {
						CreatedOnToolsVersion = 6.2;
						TestTargetID = 69FD4E3F1BE0C24F00DEF606;
					};
				};
			};
			buildConfigurationList = 69FD4E3B1BE0C24F00DEF606 /* Build configuration list for PBXProject "imageView" */;
			compatibilityVersion = "Xcode 3.2";
			developmentRegion = English;
			hasScannedForEncodings = 0;
			knownRegions = (
				en,
				Base,
			);
			mainGroup = 69FD4E371BE0C24F00DEF606;
			productRefGroup = 69FD4E411BE0C24F00DEF606 /* Products */;
			projectDirPath = "";
			projectRoot = "";
			targets = (
				69FD4E3F1BE0C24F00DEF606 /* imageView */,
				69FD4E581BE0C24F00DEF606 /* imageViewTests */,
			);
		};
/* End PBXProject section */

/* Begin PBXResourcesBuildPhase section */
		69FD4E3E1BE0C24F00DEF606 /* Resources */ = {
			isa = PBXResourcesBuildPhase;
			buildActionMask = 2147483647;
			files = (
				69CE091C1BE26FFC00228297 /* loading.png in Resources */,
				69FD4E4F1BE0C24F00DEF606 /* Main.storyboard in Resources */,
				69FD4E541BE0C24F00DEF606 /* LaunchScreen.xib in Resources */,
				69FD4E6B1BE0C6FC00DEF606 /* loginPic.jpeg in Resources */,
				69FD4E511BE0C24F00DEF606 /* Images.xcassets in Resources */,
				6941FCE11BE30CCE0090B221 /* AFNetworking in Resources */,
				6941FCE31BE30CDB0090B221 /* UIKit+AFNetworking in Resources */,
			);
			runOnlyForDeploymentPostprocessing = 0;
		};
		69FD4E571BE0C24F00DEF606 /* Resources */ = {
			isa = PBXResourcesBuildPhase;
			buildActionMask = 2147483647;
			files = (
			);
			runOnlyForDeploymentPostprocessing = 0;
		};
/* End PBXResourcesBuildPhase section */

/* Begin PBXSourcesBuildPhase section */
		69FD4E3C1BE0C24F00DEF606 /* Sources */ = {
			isa = PBXSourcesBuildPhase;
			buildActionMask = 2147483647;
			files = (
				6941FD191BE34ED90090B221 /* UIProgressView+AFNetworking.m in Sources */,
				6941FD171BE34ED90090B221 /* UIButton+AFNetworking.m in Sources */,
				6941FD1A1BE34ED90090B221 /* UIRefreshControl+AFNetworking.m in Sources */,
				698EDAD11BE4C1FB00EA6C0B /* imageListTableViewController.m in Sources */,
				6941FD161BE34ED90090B221 /* UIAlertView+AFNetworking.m in Sources */,
				69CE09141BE2602200228297 /* ImageTableViewController.m in Sources */,
				6941FCFD1BE34BBE0090B221 /* AFSecurityPolicy.m in Sources */,
				69FD4E491BE0C24F00DEF606 /* AppDelegate.m in Sources */,
				6941FCFA1BE34BBE0090B221 /* AFHTTPRequestOperationManager.m in Sources */,
				6941FCFE1BE34BBE0090B221 /* AFURLConnectionOperation.m in Sources */,
				6941FD181BE34ED90090B221 /* UIImageView+AFNetworking.m in Sources */,
				6941FCF91BE34BBE0090B221 /* AFHTTPRequestOperation.m in Sources */,
				6941FD151BE34ED90090B221 /* UIActivityIndicatorView+AFNetworking.m in Sources */,
				69CE091A1BE264C500228297 /* TableViewCell.m in Sources */,
				6941FCFF1BE34BBE0090B221 /* AFURLRequestSerialization.m in Sources */,
				6941FCFB1BE34BBE0090B221 /* AFHTTPSessionManager.m in Sources */,
				6941FCFC1BE34BBE0090B221 /* AFNetworkReachabilityManager.m in Sources */,
				6941FD001BE34BBE0090B221 /* AFURLResponseSerialization.m in Sources */,
				6941FD1B1BE34ED90090B221 /* UIWebView+AFNetworking.m in Sources */,
				6941FD011BE34BBE0090B221 /* AFURLSessionManager.m in Sources */,
				6941FD141BE34ED90090B221 /* AFNetworkActivityIndicatorManager.m in Sources */,
				69FD4E461BE0C24F00DEF606 /* main.m in Sources */,
			);
			runOnlyForDeploymentPostprocessing = 0;
		};
		69FD4E551BE0C24F00DEF606 /* Sources */ = {
			isa = PBXSourcesBuildPhase;
			buildActionMask = 2147483647;
			files = (
				69FD4E601BE0C24F00DEF606 /* imageViewTests.m in Sources */,
			);
			runOnlyForDeploymentPostprocessing = 0;
		};
/* End PBXSourcesBuildPhase section */

/* Begin PBXTargetDependency section */
		69FD4E5B1BE0C24F00DEF606 /* PBXTargetDependency */ = {
			isa = PBXTargetDependency;
			target = 69FD4E3F1BE0C24F00DEF606 /* imageView */;
			targetProxy = 69FD4E5A1BE0C24F00DEF606 /* PBXContainerItemProxy */;
		};
/* End PBXTargetDependency section */

/* Begin PBXVariantGroup section */
		69FD4E4D1BE0C24F00DEF606 /* Main.storyboard */ = {
			isa = PBXVariantGroup;
			children = (
				69FD4E4E1BE0C24F00DEF606 /* Base */,
			);
			name = Main.storyboard;
			sourceTree = "<group>";
		};
		69FD4E521BE0C24F00DEF606 /* LaunchScreen.xib */ = {
			isa = PBXVariantGroup;
			children = (
				69FD4E531BE0C24F00DEF606 /* Base */,
			);
			name = LaunchScreen.xib;
			sourceTree = "<group>";
		};
/* End PBXVariantGroup section */

/* Begin XCBuildConfiguration section */
		69FD4E611BE0C24F00DEF606 /* Debug */ = {
			isa = XCBuildConfiguration;
			buildSettings = {
				ALWAYS_SEARCH_USER_PATHS = NO;
				CLANG_CXX_LANGUAGE_STANDARD = "gnu++0x";
				CLANG_CXX_LIBRARY = "libc++";
				CLANG_ENABLE_MODULES = YES;
				CLANG_ENABLE_OBJC_ARC = YES;
				CLANG_WARN_BOOL_CONVERSION = YES;
				CLANG_WARN_CONSTANT_CONVERSION = YES;
				CLANG_WARN_DIRECT_OBJC_ISA_USAGE = YES_ERROR;
				CLANG_WARN_EMPTY_BODY = YES;
				CLANG_WARN_ENUM_CONVERSION = YES;
				CLANG_WARN_INT_CONVERSION = YES;
				CLANG_WARN_OBJC_ROOT_CLASS = YES_ERROR;
				CLANG_WARN_UNREACHABLE_CODE = YES;
				CLANG_WARN__DUPLICATE_METHOD_MATCH = YES;
				"CODE_SIGN_IDENTITY[sdk=iphoneos*]" = "iPhone Developer";
				COPY_PHASE_STRIP = NO;
				ENABLE_STRICT_OBJC_MSGSEND = YES;
				ENABLE_TESTABILITY = YES;
				GCC_C_LANGUAGE_STANDARD = gnu99;
				GCC_DYNAMIC_NO_PIC = NO;
				GCC_OPTIMIZATION_LEVEL = 0;
				GCC_PREPROCESSOR_DEFINITIONS = (
					"DEBUG=1",
					"$(inherited)",
				);
				GCC_SYMBOLS_PRIVATE_EXTERN = NO;
				GCC_WARN_64_TO_32_BIT_CONVERSION = YES;
				GCC_WARN_ABOUT_RETURN_TYPE = YES_ERROR;
				GCC_WARN_UNDECLARED_SELECTOR = YES;
				GCC_WARN_UNINITIALIZED_AUTOS = YES_AGGRESSIVE;
				GCC_WARN_UNUSED_FUNCTION = YES;
				GCC_WARN_UNUSED_VARIABLE = YES;
				IPHONEOS_DEPLOYMENT_TARGET = 8.2;
				MTL_ENABLE_DEBUG_INFO = YES;
				ONLY_ACTIVE_ARCH = YES;
				SDKROOT = iphoneos;
			};
			name = Debug;
		};
		69FD4E621BE0C24F00DEF606 /* Release */ = {
			isa = XCBuildConfiguration;
			buildSettings = {
				ALWAYS_SEARCH_USER_PATHS = NO;
				CLANG_CXX_LANGUAGE_STANDARD = "gnu++0x";
				CLANG_CXX_LIBRARY = "libc++";
				CLANG_ENABLE_MODULES = YES;
				CLANG_ENABLE_OBJC_ARC = YES;
				CLANG_WARN_BOOL_CONVERSION = YES;
				CLANG_WARN_CONSTANT_CONVERSION = YES;
				CLANG_WARN_DIRECT_OBJC_ISA_USAGE = YES_ERROR;
				CLANG_WARN_EMPTY_BODY = YES;
				CLANG_WARN_ENUM_CONVERSION = YES;
				CLANG_WARN_INT_CONVERSION = YES;
				CLANG_WARN_OBJC_ROOT_CLASS = YES_ERROR;
				CLANG_WARN_UNREACHABLE_CODE = YES;
				CLANG_WARN__DUPLICATE_METHOD_MATCH = YES;
				"CODE_SIGN_IDENTITY[sdk=iphoneos*]" = "iPhone Developer";
				COPY_PHASE_STRIP = NO;
				ENABLE_NS_ASSERTIONS = NO;
				ENABLE_STRICT_OBJC_MSGSEND = YES;
				GCC_C_LANGUAGE_STANDARD = gnu99;
				GCC_WARN_64_TO_32_BIT_CONVERSION = YES;
				GCC_WARN_ABOUT_RETURN_TYPE = YES_ERROR;
				GCC_WARN_UNDECLARED_SELECTOR = YES;
				GCC_WARN_UNINITIALIZED_AUTOS = YES_AGGRESSIVE;
				GCC_WARN_UNUSED_FUNCTION = YES;
				GCC_WARN_UNUSED_VARIABLE = YES;
				IPHONEOS_DEPLOYMENT_TARGET = 8.2;
				MTL_ENABLE_DEBUG_INFO = NO;
				SDKROOT = iphoneos;
				VALIDATE_PRODUCT = YES;
			};
			name = Release;
		};
		69FD4E641BE0C24F00DEF606 /* Debug */ = {
			isa = XCBuildConfiguration;
			buildSettings = {
				ASSETCATALOG_COMPILER_APPICON_NAME = AppIcon;
				INFOPLIST_FILE = imageView/Info.plist;
				LD_RUNPATH_SEARCH_PATHS = "$(inherited) @executable_path/Frameworks";
				PRODUCT_BUNDLE_IDENTIFIER = "Jay.com.c.$(PRODUCT_NAME:rfc1034identifier)";
				PRODUCT_NAME = "$(TARGET_NAME)";
			};
			name = Debug;
		};
		69FD4E651BE0C24F00DEF606 /* Release */ = {
			isa = XCBuildConfiguration;
			buildSettings = {
				ASSETCATALOG_COMPILER_APPICON_NAME = AppIcon;
				INFOPLIST_FILE = imageView/Info.plist;
				LD_RUNPATH_SEARCH_PATHS = "$(inherited) @executable_path/Frameworks";
				PRODUCT_BUNDLE_IDENTIFIER = "Jay.com.c.$(PRODUCT_NAME:rfc1034identifier)";
				PRODUCT_NAME = "$(TARGET_NAME)";
			};
			name = Release;
		};
		69FD4E671BE0C24F00DEF606 /* Debug */ = {
			isa = XCBuildConfiguration;
			buildSettings = {
				BUNDLE_LOADER = "$(TEST_HOST)";
				FRAMEWORK_SEARCH_PATHS = (
					"$(SDKROOT)/Developer/Library/Frameworks",
					"$(inherited)",
				);
				GCC_PREPROCESSOR_DEFINITIONS = (
					"DEBUG=1",
					"$(inherited)",
				);
				INFOPLIST_FILE = imageViewTests/Info.plist;
				LD_RUNPATH_SEARCH_PATHS = "$(inherited) @executable_path/Frameworks @loader_path/Frameworks";
				PRODUCT_BUNDLE_IDENTIFIER = "Jay.com.c.$(PRODUCT_NAME:rfc1034identifier)";
				PRODUCT_NAME = "$(TARGET_NAME)";
				TEST_HOST = "$(BUILT_PRODUCTS_DIR)/imageView.app/imageView";
			};
			name = Debug;
		};
		69FD4E681BE0C24F00DEF606 /* Release */ = {
			isa = XCBuildConfiguration;
			buildSettings = {
				BUNDLE_LOADER = "$(TEST_HOST)";
				FRAMEWORK_SEARCH_PATHS = (
					"$(SDKROOT)/Developer/Library/Frameworks",
					"$(inherited)",
				);
				INFOPLIST_FILE = imageViewTests/Info.plist;
				LD_RUNPATH_SEARCH_PATHS = "$(inherited) @executable_path/Frameworks @loader_path/Frameworks";
				PRODUCT_BUNDLE_IDENTIFIER = "Jay.com.c.$(PRODUCT_NAME:rfc1034identifier)";
				PRODUCT_NAME = "$(TARGET_NAME)";
				TEST_HOST = "$(BUILT_PRODUCTS_DIR)/imageView.app/imageView";
			};
			name = Release;
		};
/* End XCBuildConfiguration section */

/* Begin XCConfigurationList section */
		69FD4E3B1BE0C24F00DEF606 /* Build configuration list for PBXProject "imageView" */ = {
			isa = XCConfigurationList;
			buildConfigurations = (
				69FD4E611BE0C24F00DEF606 /* Debug */,
				69FD4E621BE0C24F00DEF606 /* Release */,
			);
			defaultConfigurationIsVisible = 0;
			defaultConfigurationName = Release;
		};
		69FD4E631BE0C24F00DEF606 /* Build configuration list for PBXNativeTarget "imageView" */ = {
			isa = XCConfigurationList;
			buildConfigurations = (
				69FD4E641BE0C24F00DEF606 /* Debug */,
				69FD4E651BE0C24F00DEF606 /* Release */,
			);
			defaultConfigurationIsVisible = 0;
			defaultConfigurationName = Release;
		};
		69FD4E661BE0C24F00DEF606 /* Build configuration list for PBXNativeTarget "imageViewTests" */ = {
			isa = XCConfigurationList;
			buildConfigurations = (
				69FD4E671BE0C24F00DEF606 /* Debug */,
				69FD4E681BE0C24F00DEF606 /* Release */,
			);
			defaultConfigurationIsVisible = 0;
			defaultConfigurationName = Release;
		};
/* End XCConfigurationList section */
	};
	rootObject = 69FD4E381BE0C24F00DEF606 /* Project object */;
}
